
Microsoft Visual Studio Solution File, Format Version 12.00
# Visual Studio Version 17
VisualStudioVersion = 17.7.34031.279
MinimumVisualStudioVersion = 10.0.40219.1
Project("{FAE04EC0-301F-11D3-BF4B-00C04F79EFBC}") = "ArabaKiralama", "ArabaKiralama\ArabaKiralama.csproj", "{BD7316B9-7CEC-4B66-84F9-95E1560F929C}"
EndProject
Global
	GlobalSection(SolutionConfigurationPlatforms) = preSolution
		Debug|Any CPU = Debug|Any CPU
		Release|Any CPU = Release|Any CPU
	EndGlobalSection
	GlobalSection(ProjectConfigurationPlatforms) = postSolution
		{BD7316B9-7CEC-4B66-84F9-95E1560F929C}.Debug|Any CPU.ActiveCfg = Debug|Any CPU
		{BD7316B9-7CEC-4B66-84F9-95E1560F929C}.Debug|Any CPU.Build.0 = Debug|Any CPU
		{BD7316B9-7CEC-4B66-84F9-95E1560F929C}.Release|Any CPU.ActiveCfg = Release|Any CPU
		{BD7316B9-7CEC-4B66-84F9-95E1560F929C}.Release|Any CPU.Build.0 = Release|Any CPU
	EndGlobalSection
	GlobalSection(SolutionProperties) = preSolution
		HideSolutionNode = FALSE
	EndGlobalSection
	GlobalSection(ExtensibilityGlobals) = postSolution
		SolutionGuid = {DB2F1147-AF46-4809-B0AE-31AF6383311D}
	EndGlobalSection
EndGlobal
